
Microsoft Visual Studio Solution File, Format Version 11.00
# Visual Studio 2010
Project("{54435603-DBB4-11D2-8724-00A0C9A8B90C}") = "Setup", "Setup\Setup.vdproj", "{CDDD4DCE-6430-45C8-9655-5F2C64A8D87F}"
EndProject
Global
	GlobalSection(SolutionConfigurationPlatforms) = preSolution
		Debug|Default = Debug|Default
		Release|Default = Release|Default
	EndGlobalSection
	GlobalSection(ProjectConfigurationPlatforms) = postSolution
		{CDDD4DCE-6430-45C8-9655-5F2C64A8D87F}.Debug|Default.ActiveCfg = Debug
		{CDDD4DCE-6430-45C8-9655-5F2C64A8D87F}.Debug|Default.Build.0 = Debug
		{CDDD4DCE-6430-45C8-9655-5F2C64A8D87F}.Release|Default.ActiveCfg = Release
		{CDDD4DCE-6430-45C8-9655-5F2C64A8D87F}.Release|Default.Build.0 = Release
	EndGlobalSection
	GlobalSection(SolutionProperties) = preSolution
		HideSolutionNode = FALSE
	EndGlobalSection
EndGlobal
